PODS:
  - FlutterMacOS (1.0.0)

DEPENDENCIES:
  - FlutterMacOS (from `Flutter/ephemeral`)

EXTERNAL SOURCES:
  FlutterMacOS:
    :path: Flutter/ephemeral

SPEC CHECKSUMS:
  FlutterMacOS: d0db08ddef1a9af05a5ec4b724367152bb0500b1

PODFILE CHECKSUM: 519d8bd94d966e0988a2066ab137d87318e3e02d

COCOAPODS: 1.16.2
